
Microsoft Visual Studio Solution File, Format Version 12.00
# Visual Studio Version 17
VisualStudioVersion = 17.12.35527.113
MinimumVisualStudioVersion = 10.0.40219.1
Project("{00D1A9C2-B5F0-4AF3-8072-F6C62B433612}") = "SPSEmployeeDBProject", "SPSEmployeeDBProject\SPSEmployeeDBProject.sqlproj", "{B48189FE-04B9-4DBD-B6C0-6BB3CEF4996F}"
EndProject
Project("{FAE04EC0-301F-11D3-BF4B-00C04F79EFBC}") = "EmployeeLibrary", "EmployeeLibrary\EmployeeLibrary.csproj", "{BC4AA84D-603C-4C77-96AB-58D4517AB09B}"
EndProject
Project("{FAE04EC0-301F-11D3-BF4B-00C04F79EFBC}") = "EmployeeWebApi", "EmployeeWebApi\EmployeeWebApi.csproj", "{73292920-DF1F-4A99-9CB2-C5417E64A89E}"
EndProject
Global
	GlobalSection(SolutionConfigurationPlatforms) = preSolution
		Debug|Any CPU = Debug|Any CPU
		Release|Any CPU = Release|Any CPU
	EndGlobalSection
	GlobalSection(ProjectConfigurationPlatforms) = postSolution
		{B48189FE-04B9-4DBD-B6C0-6BB3CEF4996F}.Debug|Any CPU.ActiveCfg = Debug|Any CPU
		{B48189FE-04B9-4DBD-B6C0-6BB3CEF4996F}.Debug|Any CPU.Build.0 = Debug|Any CPU
		{B48189FE-04B9-4DBD-B6C0-6BB3CEF4996F}.Debug|Any CPU.Deploy.0 = Debug|Any CPU
		{B48189FE-04B9-4DBD-B6C0-6BB3CEF4996F}.Release|Any CPU.ActiveCfg = Release|Any CPU
		{B48189FE-04B9-4DBD-B6C0-6BB3CEF4996F}.Release|Any CPU.Build.0 = Release|Any CPU
		{B48189FE-04B9-4DBD-B6C0-6BB3CEF4996F}.Release|Any CPU.Deploy.0 = Release|Any CPU
		{BC4AA84D-603C-4C77-96AB-58D4517AB09B}.Debug|Any CPU.ActiveCfg = Debug|Any CPU
		{BC4AA84D-603C-4C77-96AB-58D4517AB09B}.Debug|Any CPU.Build.0 = Debug|Any CPU
		{BC4AA84D-603C-4C77-96AB-58D4517AB09B}.Release|Any CPU.ActiveCfg = Release|Any CPU
		{BC4AA84D-603C-4C77-96AB-58D4517AB09B}.Release|Any CPU.Build.0 = Release|Any CPU
		{73292920-DF1F-4A99-9CB2-C5417E64A89E}.Debug|Any CPU.ActiveCfg = Debug|Any CPU
		{73292920-DF1F-4A99-9CB2-C5417E64A89E}.Debug|Any CPU.Build.0 = Debug|Any CPU
		{73292920-DF1F-4A99-9CB2-C5417E64A89E}.Release|Any CPU.ActiveCfg = Release|Any CPU
		{73292920-DF1F-4A99-9CB2-C5417E64A89E}.Release|Any CPU.Build.0 = Release|Any CPU
	EndGlobalSection
	GlobalSection(SolutionProperties) = preSolution
		HideSolutionNode = FALSE
	EndGlobalSection
EndGlobal
